<?xml version="1.0" encoding="utf-8"?>
<Project ToolsVersion="4.0" xmlns="http://schemas.microsoft.com/developer/msbuild/2003">
  <ItemGroup>
    <Filter Include="mec">
      <UniqueIdentifier>{93995380-89BD-4b04-88EB-625FBE52EBFB}</UniqueIdentifier>
      <Extensions>h;hpp;hxx;hm;inl;inc;xsd</Extensions>
    </Filter>
  </ItemGroup>
  <ItemGroup>
    <ClCompile Include="mecCallback.cpp">
      <Filter>mec</Filter>
    </ClCompile>
    <ClCompile Include="mecError.cpp">
      <Filter>mec</Filter>
    </ClCompile>
    <ClCompile Include="mecExprCompiler.cpp">
      <Filter>mec</Filter>
    </ClCompile>
    <ClCompile Include="mecParser.cpp">
      <Filter>mec</Filter>
    </ClCompile>
    <ClCompile Include="mecParserBase.cpp">
      <Filter>mec</Filter>
    </ClCompile>
    <ClCompile Include="mecReversePolishNotation.cpp">
      <Filter>mec</Filter>
    </ClCompile>
    <ClCompile Include="mecToken.cpp">
      <Filter>mec</Filter>
    </ClCompile>
    <ClCompile Include="mecTokenReader.cpp">
      <Filter>mec</Filter>
    </ClCompile>
    <ClCompile Include="mecUnitTest.cpp">
      <Filter>mec</Filter>
    </ClCompile>
    <ClCompile Include="muParserSSE.cpp" />
  </ItemGroup>
  <ItemGroup>
    <ClInclude Include="mecCallback.h">
      <Filter>mec</Filter>
    </ClInclude>
    <ClInclude Include="mecDef.h">
      <Filter>mec</Filter>
    </ClInclude>
    <ClInclude Include="mecError.h">
      <Filter>mec</Filter>
    </ClInclude>
    <ClInclude Include="mecExprCompiler.h">
      <Filter>mec</Filter>
    </ClInclude>
    <ClInclude Include="mecParser.h">
      <Filter>mec</Filter>
    </ClInclude>
    <ClInclude Include="mecParserBase.h">
      <Filter>mec</Filter>
    </ClInclude>
    <ClInclude Include="mecReversePolishNotation.h">
      <Filter>mec</Filter>
    </ClInclude>
    <ClInclude Include="mecStack.h">
      <Filter>mec</Filter>
    </ClInclude>
    <ClInclude Include="mecToken.h">
      <Filter>mec</Filter>
    </ClInclude>
    <ClInclude Include="mecTokenReader.h">
      <Filter>mec</Filter>
    </ClInclude>
    <ClInclude Include="mecUnitTest.h">
      <Filter>mec</Filter>
    </ClInclude>
    <ClInclude Include="muParserSSE.h">
      <Filter>mec</Filter>
    </ClInclude>
  </ItemGroup>
</Project>