Microsoft Visual Studio Solution File, Format Version 10.00
# Visual Studio 2008
Project("{8BC9CEB8-8B4A-11D0-8D11-00A0C91BC942}") = "muParserDLL", "muParser.vcproj", "{91A10577-2A52-4695-B822-0D4DCE8AE0E7}"
EndProject
Global
	GlobalSection(SolutionConfigurationPlatforms) = preSolution
		Debug|Win32 = Debug|Win32
		Release|Win32 = Release|Win32
	EndGlobalSection
	GlobalSection(ProjectConfigurationPlatforms) = postSolution
		{91A10577-2A52-4695-B822-0D4DCE8AE0E7}.Debug|Win32.ActiveCfg = Debug|Win32
		{91A10577-2A52-4695-B822-0D4DCE8AE0E7}.Debug|Win32.Build.0 = Debug|Win32
		{91A10577-2A52-4695-B822-0D4DCE8AE0E7}.Release|Win32.ActiveCfg = Release|Win32
		{91A10577-2A52-4695-B822-0D4DCE8AE0E7}.Release|Win32.Build.0 = Release|Win32
	EndGlobalSection
	GlobalSection(SolutionProperties) = preSolution
		HideSolutionNode = FALSE
	EndGlobalSection
EndGlobal
